Microsoft Visual Studio Solution File, Format Version 8.00
Project("{20D4826A-C6FA-45DB-90F4-C717570B9F32}") = "TomislavApp", "TomislavApp.csdproj", "{4EE8F770-5668-4B62-B030-91DF5F24E4E2}"
	ProjectSection(ProjectDependencies) = postProject
	EndProjectSection
EndProject
Global
	GlobalSection(SolutionConfiguration) = preSolution
		Debug = Debug
		Release = Release
	EndGlobalSection
	GlobalSection(ProjectConfiguration) = postSolution
		{4EE8F770-5668-4B62-B030-91DF5F24E4E2}.Debug.ActiveCfg = Debug|Windows CE
		{4EE8F770-5668-4B62-B030-91DF5F24E4E2}.Debug.Build.0 = Debug|Windows CE
		{4EE8F770-5668-4B62-B030-91DF5F24E4E2}.Debug.Deploy.0 = Debug|Windows CE
		{4EE8F770-5668-4B62-B030-91DF5F24E4E2}.Release.ActiveCfg = Release|Windows CE
		{4EE8F770-5668-4B62-B030-91DF5F24E4E2}.Release.Build.0 = Release|Windows CE
		{4EE8F770-5668-4B62-B030-91DF5F24E4E2}.Release.Deploy.0 = Release|Windows CE
	EndGlobalSection
	GlobalSection(ExtensibilityGlobals) = postSolution
	EndGlobalSection
	GlobalSection(ExtensibilityAddIns) = postSolution
	EndGlobalSection
EndGlobal
